
Microsoft Visual Studio Solution File, Format Version 12.00
# Visual Studio 15
VisualStudioVersion = 15.0.27703.2047
MinimumVisualStudioVersion = 10.0.40219.1
Project("{FAE04EC0-301F-11D3-BF4B-00C04F79EFBC}") = "AdminApp", "WindowsFormsApp3\AdminApp.csproj", "{D6860A3E-E6CE-42AC-92DD-9C9CB9343B02}"
EndProject
Global
	GlobalSection(SolutionConfigurationPlatforms) = preSolution
		Debug|Any CPU = Debug|Any CPU
		Release|Any CPU = Release|Any CPU
	EndGlobalSection
	GlobalSection(ProjectConfigurationPlatforms) = postSolution
		{D6860A3E-E6CE-42AC-92DD-9C9CB9343B02}.Debug|Any CPU.ActiveCfg = Debug|Any CPU
		{D6860A3E-E6CE-42AC-92DD-9C9CB9343B02}.Debug|Any CPU.Build.0 = Debug|Any CPU
		{D6860A3E-E6CE-42AC-92DD-9C9CB9343B02}.Release|Any CPU.ActiveCfg = Release|Any CPU
		{D6860A3E-E6CE-42AC-92DD-9C9CB9343B02}.Release|Any CPU.Build.0 = Release|Any CPU
	EndGlobalSection
	GlobalSection(SolutionProperties) = preSolution
		HideSolutionNode = FALSE
	EndGlobalSection
	GlobalSection(ExtensibilityGlobals) = postSolution
		SolutionGuid = {99586B9F-906B-414D-A4A3-D7CA8177854C}
	EndGlobalSection
EndGlobal
